// !$*UTF8*$!
{
	archiveVersion = 1;
	classes = {
	};
	objectVersion = 50;
	objects = {

/* Begin PBXBuildFile section */
		106B2B752648B3AB002361EC /* FormatTextViewApp.swift in Sources */ = {isa = PBXBuildFile; fileRef = 106B2B742648B3AB002361EC /* FormatTextViewApp.swift */; };
		106B2B772648B3AB002361EC /* ContentView.swift in Sources */ = {isa = PBXBuildFile; fileRef = 106B2B762648B3AB002361EC /* ContentView.swift */; };
		106B2B792648B3AB002361EC /* Assets.xcassets in Resources */ = {isa = PBXBuildFile; fileRef = 106B2B782648B3AB002361EC /* Assets.xcassets */; };
		106B2B7C2648B3AB002361EC /* Preview Assets.xcassets in Resources */ = {isa = PBXBuildFile; fileRef = 106B2B7B2648B3AB002361EC /* Preview Assets.xcassets */; };
/* End PBXBuildFile section */

/* Begin PBXFileReference section */
		106B2B712648B3AB002361EC /* FormatTextView.app */ = {isa = PBXFileReference; explicitFileType = wrapper.application; includeInIndex = 0; path = FormatTextView.app; sourceTree = BUILT_PRODUCTS_DIR; };
		106B2B742648B3AB002361EC /* FormatTextViewApp.swift */ = {isa = PBXFileReference; lastKnownFileType = sourcecode.swift; path = FormatTextViewApp.swift; sourceTree = "<group>"; };
		106B2B762648B3AB002361EC /* ContentView.swift */ = {isa = PBXFileReference; lastKnownFileType = sourcecode.swift; path = ContentView.swift; sourceTree = "<group>"; };
		106B2B782648B3AB002361EC /* Assets.xcassets */ = {isa = PBXFileReference; lastKnownFileType = folder.assetcatalog; path = Assets.xcassets; sourceTree = "<group>"; };
		106B2B7B2648B3AB002361EC /* Preview Assets.xcassets */ = {isa = PBXFileReference; lastKnownFileType = folder.assetcatalog; path = "Preview Assets.xcassets"; sourceTree = "<group>"; };
		106B2B7D2648B3AB002361EC /* Info.plist */ = {isa = PBXFileReference; lastKnownFileType = text.plist.xml; path = Info.plist; sourceTree = "<group>"; };
/* End PBXFileReference section */

/* Begin PBXFrameworksBuildPhase section */
		106B2B6E2648B3AB002361EC /* Frameworks */ = {
			isa = PBXFrameworksBuildPhase;
			buildActionMask = 2147483647;
			files = (
			);
			runOnlyForDeploymentPostprocessing = 0;
		};
/* End PBXFrameworksBuildPhase section */

/* Begin PBXGroup section */
		106B2B682648B3AB002361EC = {
			isa = PBXGroup;
			children = (
				106B2B732648B3AB002361EC /* FormatTextView */,
				106B2B722648B3AB002361EC /* Products */,
			);
			sourceTree = "<group>";
		};
		106B2B722648B3AB002361EC /* Products */ = {
			isa = PBXGroup;
			children = (
				106B2B712648B3AB002361EC /* FormatTextView.app */,
			);
			name = Products;
			sourceTree = "<group>";
		};
		106B2B732648B3AB002361EC /* FormatTextView */ = {
			isa = PBXGroup;
			children = (
				106B2B742648B3AB002361EC /* FormatTextViewApp.swift */,
				106B2B762648B3AB002361EC /* ContentView.swift */,
				106B2B782648B3AB002361EC /* Assets.xcassets */,
				106B2B7D2648B3AB002361EC /* Info.plist */,
				106B2B7A2648B3AB002361EC /* Preview Content */,
			);
			path = FormatTextView;
			sourceTree = "<group>";
		};
		106B2B7A2648B3AB002361EC /* Preview Content */ = {
			isa = PBXGroup;
			children = (
				106B2B7B2648B3AB002361EC /* Preview Assets.xcassets */,
			);
			path = "Preview Content";
			sourceTree = "<group>";
		};
/* End PBXGroup section */

/* Begin PBXNativeTarget section */
		106B2B702648B3AB002361EC /* FormatTextView */ = {
			isa = PBXNativeTarget;
			buildConfigurationList = 106B2B802648B3AB002361EC /* Build configuration list for PBXNativeTarget "FormatTextView" */;
			buildPhases = (
				106B2B6D2648B3AB002361EC /* Sources */,
				106B2B6E2648B3AB002361EC /* Frameworks */,
				106B2B6F2648B3AB002361EC /* Resources */,
			);
			buildRules = (
			);
			dependencies = (
			);
			name = FormatTextView;
			productName = FormatTextView;
			productReference = 106B2B712648B3AB002361EC /* FormatTextView.app */;
			productType = "com.apple.product-type.application";
		};
/* End PBXNativeTarget section */

/* Begin PBXProject section */
		106B2B692648B3AB002361EC /* Project object */ = {
			isa = PBXProject;
			attributes = {
				LastSwiftUpdateCheck = 1250;
				LastUpgradeCheck = 1250;
				TargetAttributes = {
					106B2B702648B3AB002361EC = {
						CreatedOnToolsVersion = 12.5;
					};
				};
			};
			buildConfigurationList = 106B2B6C2648B3AB002361EC /* Build configuration list for PBXProject "FormatTextView" */;
			compatibilityVersion = "Xcode 9.3";
			developmentRegion = en;
			hasScannedForEncodings = 0;
			knownRegions = (
				en,
				Base,
			);
			mainGroup = 106B2B682648B3AB002361EC;
			productRefGroup = 106B2B722648B3AB002361EC /* Products */;
			projectDirPath = "";
			projectRoot = "";
			targets = (
				106B2B702648B3AB002361EC /* FormatTextView */,
			);
		};
/* End PBXProject section */

/* Begin PBXResourcesBuildPhase section */
		106B2B6F2648B3AB002361EC /* Resources */ = {
			isa = PBXResourcesBuildPhase;
			buildActionMask = 2147483647;
			files = (
				106B2B7C2648B3AB002361EC /* Preview Assets.xcassets in Resources */,
				106B2B792648B3AB002361EC /* Assets.xcassets in Resources */,
			);
			runOnlyForDeploymentPostprocessing = 0;
		};
/* End PBXResourcesBuildPhase section */

/* Begin PBXSourcesBuildPhase section */
		106B2B6D2648B3AB002361EC /* Sources */ = {
			isa = PBXSourcesBuildPhase;
			buildActionMask = 2147483647;
			files = (
				106B2B772648B3AB002361EC /* ContentView.swift in Sources */,
				106B2B752648B3AB002361EC /* FormatTextViewApp.swift in Sources */,
			);
			runOnlyForDeploymentPostprocessing = 0;
		};
/* End PBXSourcesBuildPhase section */

/* Begin XCBuildConfiguration section */
		106B2B7E2648B3AB002361EC /* Debug */ = {
			isa = XCBuildConfiguration;
			buildSettings = {
				ALWAYS_SEARCH_USER_PATHS = NO;
				CLANG_ANALYZER_NONNULL = YES;
				CLANG_ANALYZER_NUMBER_OBJECT_CONVERSION = YES_AGGRESSIVE;
				CLANG_CXX_LANGUAGE_STANDARD = "gnu++14";
				CLANG_CXX_LIBRARY = "libc++";
				CLANG_ENABLE_MODULES = YES;
				CLANG_ENABLE_OBJC_ARC = YES;
				CLANG_ENABLE_OBJC_WEAK = YES;
				CLANG_WARN_BLOCK_CAPTURE_AUTORELEASING = YES;
				CLANG_WARN_BOOL_CONVERSION = YES;
				CLANG_WARN_COMMA = YES;
				CLANG_WARN_CONSTANT_CONVERSION = YES;
				CLANG_WARN_DEPRECATED_OBJC_IMPLEMENTATIONS = YES;
				CLANG_WARN_DIRECT_OBJC_ISA_USAGE = YES_ERROR;
				CLANG_WARN_DOCUMENTATION_COMMENTS = YES;
				CLANG_WARN_EMPTY_BODY = YES;
				CLANG_WARN_ENUM_CONVERSION = YES;
				CLANG_WARN_INFINITE_RECURSION = YES;
				CLANG_WARN_INT_CONVERSION = YES;
				CLANG_WARN_NON_LITERAL_NULL_CONVERSION = YES;
				CLANG_WARN_OBJC_IMPLICIT_RETAIN_SELF = YES;
				CLANG_WARN_OBJC_LITERAL_CONVERSION = YES;
				CLANG_WARN_OBJC_ROOT_CLASS = YES_ERROR;
				CLANG_WARN_QUOTED_INCLUDE_IN_FRAMEWORK_HEADER = YES;
				CLANG_WARN_RANGE_LOOP_ANALYSIS = YES;
				CLANG_WARN_STRICT_PROTOTYPES = YES;
				CLANG_WARN_SUSPICIOUS_MOVE = YES;
				CLANG_WARN_UNGUARDED_AVAILABILITY = YES_AGGRESSIVE;
				CLANG_WARN_UNREACHABLE_CODE = YES;
				CLANG_WARN__DUPLICATE_METHOD_MATCH = YES;
				COPY_PHASE_STRIP = NO;
				DEBUG_INFORMATION_FORMAT = dwarf;
				ENABLE_STRICT_OBJC_MSGSEND = YES;
				ENABLE_TESTABILITY = YES;
				GCC_C_LANGUAGE_STANDARD = gnu11;
				GCC_DYNAMIC_NO_PIC = NO;
				GCC_NO_COMMON_BLOCKS = YES;
				GCC_OPTIMIZATION_LEVEL = 0;
				GCC_PREPROCESSOR_DEFINITIONS = (
					"DEBUG=1",
					"$(inherited)",
				);
				GCC_WARN_64_TO_32_BIT_CONVERSION = YES;
				GCC_WARN_ABOUT_RETURN_TYPE = YES_ERROR;
				GCC_WARN_UNDECLARED_SELECTOR = YES;
				GCC_WARN_UNINITIALIZED_AUTOS = YES_AGGRESSIVE;
				GCC_WARN_UNUSED_FUNCTION = YES;
				GCC_WARN_UNUSED_VARIABLE = YES;
				IPHONEOS_DEPLOYMENT_TARGET = 14.5;
				MTL_ENABLE_DEBUG_INFO = INCLUDE_SOURCE;
				MTL_FAST_MATH = YES;
				ONLY_ACTIVE_ARCH = YES;
				SDKROOT = iphoneos;
				SWIFT_ACTIVE_COMPILATION_CONDITIONS = DEBUG;
				SWIFT_OPTIMIZATION_LEVEL = "-Onone";
			};
			name = Debug;
		};
		106B2B7F2648B3AB002361EC /* Release */ = {
			isa = XCBuildConfiguration;
			buildSettings = {
				ALWAYS_SEARCH_USER_PATHS = NO;
				CLANG_ANALYZER_NONNULL = YES;
				CLANG_ANALYZER_NUMBER_OBJECT_CONVERSION = YES_AGGRESSIVE;
				CLANG_CXX_LANGUAGE_STANDARD = "gnu++14";
				CLANG_CXX_LIBRARY = "libc++";
				CLANG_ENABLE_MODULES = YES;
				CLANG_ENABLE_OBJC_ARC = YES;
				CLANG_ENABLE_OBJC_WEAK = YES;
				CLANG_WARN_BLOCK_CAPTURE_AUTORELEASING = YES;
				CLANG_WARN_BOOL_CONVERSION = YES;
				CLANG_WARN_COMMA = YES;
				CLANG_WARN_CONSTANT_CONVERSION = YES;
				CLANG_WARN_DEPRECATED_OBJC_IMPLEMENTATIONS = YES;
				CLANG_WARN_DIRECT_OBJC_ISA_USAGE = YES_ERROR;
				CLANG_WARN_DOCUMENTATION_COMMENTS = YES;
				CLANG_WARN_EMPTY_BODY = YES;
				CLANG_WARN_ENUM_CONVERSION = YES;
				CLANG_WARN_INFINITE_RECURSION = YES;
				CLANG_WARN_INT_CONVERSION = YES;
				CLANG_WARN_NON_LITERAL_NULL_CONVERSION = YES;
				CLANG_WARN_OBJC_IMPLICIT_RETAIN_SELF = YES;
				CLANG_WARN_OBJC_LITERAL_CONVERSION = YES;
				CLANG_WARN_OBJC_ROOT_CLASS = YES_ERROR;
				CLANG_WARN_QUOTED_INCLUDE_IN_FRAMEWORK_HEADER = YES;
				CLANG_WARN_RANGE_LOOP_ANALYSIS = YES;
				CLANG_WARN_STRICT_PROTOTYPES = YES;
				CLANG_WARN_SUSPICIOUS_MOVE = YES;
				CLANG_WARN_UNGUARDED_AVAILABILITY = YES_AGGRESSIVE;
				CLANG_WARN_UNREACHABLE_CODE = YES;
				CLANG_WARN__DUPLICATE_METHOD_MATCH = YES;
				COPY_PHASE_STRIP = NO;
				DEBUG_INFORMATION_FORMAT = "dwarf-with-dsym";
				ENABLE_NS_ASSERTIONS = NO;
				ENABLE_STRICT_OBJC_MSGSEND = YES;
				GCC_C_LANGUAGE_STANDARD = gnu11;
				GCC_NO_COMMON_BLOCKS = YES;
				GCC_WARN_64_TO_32_BIT_CONVERSION = YES;
				GCC_WARN_ABOUT_RETURN_TYPE = YES_ERROR;
				GCC_WARN_UNDECLARED_SELECTOR = YES;
				GCC_WARN_UNINITIALIZED_AUTOS = YES_AGGRESSIVE;
				GCC_WARN_UNUSED_FUNCTION = YES;
				GCC_WARN_UNUSED_VARIABLE = YES;
				IPHONEOS_DEPLOYMENT_TARGET = 14.5;
				MTL_ENABLE_DEBUG_INFO = NO;
				MTL_FAST_MATH = YES;
				SDKROOT = iphoneos;
				SWIFT_COMPILATION_MODE = wholemodule;
				SWIFT_OPTIMIZATION_LEVEL = "-O";
				VALIDATE_PRODUCT = YES;
			};
			name = Release;
		};
		106B2B812648B3AB002361EC /* Debug */ = {
			isa = XCBuildConfiguration;
			buildSettings = {
				ASSETCATALOG_COMPILER_APPICON_NAME = AppIcon;
				ASSETCATALOG_COMPILER_GLOBAL_ACCENT_COLOR_NAME = AccentColor;
				CODE_SIGN_STYLE = Automatic;
				DEVELOPMENT_ASSET_PATHS = "\"FormatTextView/Preview Content\"";
				DEVELOPMENT_TEAM = 2XCNRB5FAY;
				ENABLE_PREVIEWS = YES;
				INFOPLIST_FILE = FormatTextView/Info.plist;
				IPHONEOS_DEPLOYMENT_TARGET = 14.0;
				LD_RUNPATH_SEARCH_PATHS = (
					"$(inherited)",
					"@executable_path/Frameworks",
				);
				PRODUCT_BUNDLE_IDENTIFIER = com.rohit.swiftui.FormatTextView;
				PRODUCT_NAME = "$(TARGET_NAME)";
				SWIFT_VERSION = 5.0;
				TARGETED_DEVICE_FAMILY = "1,2";
			};
			name = Debug;
		};
		106B2B822648B3AB002361EC /* Release */ = {
			isa = XCBuildConfiguration;
			buildSettings = {
				ASSETCATALOG_COMPILER_APPICON_NAME = AppIcon;
				ASSETCATALOG_COMPILER_GLOBAL_ACCENT_COLOR_NAME = AccentColor;
				CODE_SIGN_STYLE = Automatic;
				DEVELOPMENT_ASSET_PATHS = "\"FormatTextView/Preview Content\"";
				DEVELOPMENT_TEAM = 2XCNRB5FAY;
				ENABLE_PREVIEWS = YES;
				INFOPLIST_FILE = FormatTextView/Info.plist;
				IPHONEOS_DEPLOYMENT_TARGET = 14.0;
				LD_RUNPATH_SEARCH_PATHS = (
					"$(inherited)",
					"@executable_path/Frameworks",
				);
				PRODUCT_BUNDLE_IDENTIFIER = com.rohit.swiftui.FormatTextView;
				PRODUCT_NAME = "$(TARGET_NAME)";
				SWIFT_VERSION = 5.0;
				TARGETED_DEVICE_FAMILY = "1,2";
			};
			name = Release;
		};
/* End XCBuildConfiguration section */

/* Begin XCConfigurationList section */
		106B2B6C2648B3AB002361EC /* Build configuration list for PBXProject "FormatTextView" */ = {
			isa = XCConfigurationList;
			buildConfigurations = (
				106B2B7E2648B3AB002361EC /* Debug */,
				106B2B7F2648B3AB002361EC /* Release */,
			);
			defaultConfigurationIsVisible = 0;
			defaultConfigurationName = Release;
		};
		106B2B802648B3AB002361EC /* Build configuration list for PBXNativeTarget "FormatTextView" */ = {
			isa = XCConfigurationList;
			buildConfigurations = (
				106B2B812648B3AB002361EC /* Debug */,
				106B2B822648B3AB002361EC /* Release */,
			);
			defaultConfigurationIsVisible = 0;
			defaultConfigurationName = Release;
		};
/* End XCConfigurationList section */
	};
	rootObject = 106B2B692648B3AB002361EC /* Project object */;
}
